
Microsoft Visual Studio Solution File, Format Version 12.00
# Visual Studio Version 17
VisualStudioVersion = 17.5.33530.505
MinimumVisualStudioVersion = 10.0.40219.1
Project("{FAE04EC0-301F-11D3-BF4B-00C04F79EFBC}") = "Asp_Food_Receip_Site_Web", "Asp_Food_Receip_Site_Web\Asp_Food_Receip_Site_Web.csproj", "{7EA69844-E773-4032-B8F8-8D738D074FA0}"
EndProject
Global
	GlobalSection(SolutionConfigurationPlatforms) = preSolution
		Debug|Any CPU = Debug|Any CPU
		Release|Any CPU = Release|Any CPU
	EndGlobalSection
	GlobalSection(ProjectConfigurationPlatforms) = postSolution
		{7EA69844-E773-4032-B8F8-8D738D074FA0}.Debug|Any CPU.ActiveCfg = Debug|Any CPU
		{7EA69844-E773-4032-B8F8-8D738D074FA0}.Debug|Any CPU.Build.0 = Debug|Any CPU
		{7EA69844-E773-4032-B8F8-8D738D074FA0}.Release|Any CPU.ActiveCfg = Release|Any CPU
		{7EA69844-E773-4032-B8F8-8D738D074FA0}.Release|Any CPU.Build.0 = Release|Any CPU
	EndGlobalSection
	GlobalSection(SolutionProperties) = preSolution
		HideSolutionNode = FALSE
	EndGlobalSection
	GlobalSection(ExtensibilityGlobals) = postSolution
		SolutionGuid = {466568AF-BAAF-4E89-8ECD-5E4C17C17F2E}
	EndGlobalSection
EndGlobal
